
Microsoft Visual Studio Solution File, Format Version 12.00
# Visual Studio Version 17
VisualStudioVersion = 17.11.35222.181
MinimumVisualStudioVersion = 10.0.40219.1
Project("{FAE04EC0-301F-11D3-BF4B-00C04F79EFBC}") = "SpaceResearchManagementSystem", "SpaceResearchManagementSystem.csproj", "{C5A588C7-E7E0-4180-A61A-2E15B7CEDEF8}"
EndProject
Global
	GlobalSection(SolutionConfigurationPlatforms) = preSolution
		Debug|Any CPU = Debug|Any CPU
		Release|Any CPU = Release|Any CPU
	EndGlobalSection
	GlobalSection(ProjectConfigurationPlatforms) = postSolution
		{C5A588C7-E7E0-4180-A61A-2E15B7CEDEF8}.Debug|Any CPU.ActiveCfg = Debug|Any CPU
		{C5A588C7-E7E0-4180-A61A-2E15B7CEDEF8}.Debug|Any CPU.Build.0 = Debug|Any CPU
		{C5A588C7-E7E0-4180-A61A-2E15B7CEDEF8}.Release|Any CPU.ActiveCfg = Release|Any CPU
		{C5A588C7-E7E0-4180-A61A-2E15B7CEDEF8}.Release|Any CPU.Build.0 = Release|Any CPU
	EndGlobalSection
	GlobalSection(SolutionProperties) = preSolution
		HideSolutionNode = FALSE
	EndGlobalSection
	GlobalSection(ExtensibilityGlobals) = postSolution
		SolutionGuid = {717039F3-B392-4528-A43E-FB6C8A9AFCCE}
	EndGlobalSection
EndGlobal
